{
  "name": "wasi-examples",
  "version": "1.0.0",
  "lockfileVersion": 3,
  "requires": true,
  "packages": {
    "": {
      "name": "wasi-examples",
      "version": "1.0.0",
      "dependencies": {
        "@bytecodealliance/preview2-shim": "^0.16.2"
      }
    },
    "node_modules/@bytecodealliance/preview2-shim": {
      "version": "0.16.2",
      "resolved": "https://registry.npmjs.org/@bytecodealliance/preview2-shim/-/preview2-shim-0.16.2.tgz",
      "integrity": "sha512-36MwesmbLSf3Y5/OHcS85iBaF0N92CQ4gpjtDVKSbrjxmrBKCWlWVfoQ03F/cqDg8k5K7pzVaVBH0XBIbTCfTQ=="
    }
  }
}
